{
  "name": "projeto-base-api",
  "version": "1.0.0",
  "lockfileVersion": 1,
  "requires": true,
  "dependencies": {
    "@types/node": {
      "version": "18.11.7",
      "resolved": "https://atf.intranet.bb.com.br:443/artifactory/api/npm/bb-npm-repo/@types/node/-/node-18.11.7.tgz",
      "integrity": "sha1-jM7xNvJAdwwTedUBAHlqaVLwH5Q="
    },
    "accepts": {
      "version": "1.3.8",
      "resolved": "https://atf.intranet.bb.com.br:443/artifactory/api/npm/bb-npm-repo/accepts/-/accepts-1.3.8.tgz",
      "integrity": "sha1-C/C+EltnAUrcsLCSHmLbe//hay4=",
      "requires": {
        "mime-types": "~2.1.34",
        "negotiator": "0.6.3"
      }
    },
    "any-promise": {
      "version": "1.3.0",
      "resolved": "https://atf.intranet.bb.com.br:443/artifactory/api/npm/bb-npm-repo/any-promise/-/any-promise-1.3.0.tgz",
      "integrity": "sha1-q8av7tzqUugJzcA3au0845Y10X8="
    },
    "array-flatten": {
      "version": "1.1.1",
      "resolved": "https://atf.intranet.bb.com.br:443/artifactory/api/npm/bb-npm-repo/array-flatten/-/array-flatten-1.1.1.tgz",
      "integrity": "sha1-ml9pkFGx5wczKPKgCJaLZOopVdI="
    },
    "bluebird": {
      "version": "3.7.2",
      "resolved": "https://atf.intranet.bb.com.br:443/artifactory/api/npm/bb-npm-repo/bluebird/-/bluebird-3.7.2.tgz",
      "integrity": "sha1-nyKcFb4nJFT/qXOs4NvueaGww28="
    },
    "body-parser": {
      "version": "1.20.1",
      "resolved": "https://atf.intranet.bb.com.br:443/artifactory/api/npm/bb-npm-repo/body-parser/-/body-parser-1.20.1.tgz",
      "integrity": "sha1-sYEqiRLBlc03Gj7l5m+qIzilxmg=",
      "requires": {
        "bytes": "3.1.2",
        "content-type": "~1.0.4",
        "debug": "2.6.9",
        "depd": "2.0.0",
        "destroy": "1.2.0",
        "http-errors": "2.0.0",
        "iconv-lite": "0.4.24",
        "on-finished": "2.4.1",
        "qs": "6.11.0",
        "raw-body": "2.5.1",
        "type-is": "~1.6.18",
        "unpipe": "1.0.0"
      }
    },
    "buffer-equal-constant-time": {
      "version": "1.0.1",
      "resolved": "https://atf.intranet.bb.com.br:443/artifactory/api/npm/bb-npm-repo/buffer-equal-constant-time/-/buffer-equal-constant-time-1.0.1.tgz",
      "integrity": "sha1-+OcRMvf/5uAaXJaXpMbz5I1cyBk="
    },
    "bytes": {
      "version": "3.1.2",
      "resolved": "https://atf.intranet.bb.com.br:443/artifactory/api/npm/bb-npm-repo/bytes/-/bytes-3.1.2.tgz",
      "integrity": "sha1-iwvuuYYFrfGxKPpDhkA8AJ4CIaU="
    },
    "call-bind": {
      "version": "1.0.2",
      "resolved": "https://atf.intranet.bb.com.br:443/artifactory/api/npm/bb-npm-repo/call-bind/-/call-bind-1.0.2.tgz",
      "integrity": "sha1-sdTonmiBGcPJqQOtMKuy9qkZvjw=",
      "requires": {
        "function-bind": "^1.1.1",
        "get-intrinsic": "^1.0.2"
      }
    },
    "cls-bluebird": {
      "version": "2.1.0",
      "resolved": "https://atf.intranet.bb.com.br:443/artifactory/api/npm/bb-npm-repo/cls-bluebird/-/cls-bluebird-2.1.0.tgz",
      "integrity": "sha1-N+8eCAqP+1XC9BZPU28ZGeeWiu4=",
      "requires": {
        "is-bluebird": "^1.0.2",
        "shimmer": "^1.1.0"
      }
    },
    "content-disposition": {
      "version": "0.5.4",
      "resolved": "https://atf.intranet.bb.com.br:443/artifactory/api/npm/bb-npm-repo/content-disposition/-/content-disposition-0.5.4.tgz",
      "integrity": "sha1-i4K076yCUSoCuwsdzsnSxejrW/4=",
      "requires": {
        "safe-buffer": "5.2.1"
      }
    },
    "content-type": {
      "version": "1.0.4",
      "resolved": "https://atf.intranet.bb.com.br:443/artifactory/api/npm/bb-npm-repo/content-type/-/content-type-1.0.4.tgz",
      "integrity": "sha1-4TjMdeBAxyexlm/l5fjJruJW/js="
    },
    "cookie": {
      "version": "0.5.0",
      "resolved": "https://atf.intranet.bb.com.br:443/artifactory/api/npm/bb-npm-repo/cookie/-/cookie-0.5.0.tgz",
      "integrity": "sha1-0fXXGt7GVYxY84mYfDZqpH6ZT4s="
    },
    "cookie-signature": {
      "version": "1.0.6",
      "resolved": "https://atf.intranet.bb.com.br:443/artifactory/api/npm/bb-npm-repo/cookie-signature/-/cookie-signature-1.0.6.tgz",
      "integrity": "sha1-4wOogrNCzD7oylE6eZmXNNqzriw="
    },
    "cors": {
      "version": "2.8.5",
      "resolved": "https://atf.intranet.bb.com.br:443/artifactory/api/npm/bb-npm-repo/cors/-/cors-2.8.5.tgz",
      "integrity": "sha1-6sEdpRWS3Ya58G9uesKTs9+HXSk=",
      "requires": {
        "object-assign": "^4",
        "vary": "^1"
      }
    },
    "debug": {
      "version": "2.6.9",
      "resolved": "https://atf.intranet.bb.com.br:443/artifactory/api/npm/bb-npm-repo/debug/-/debug-2.6.9.tgz",
      "integrity": "sha1-XRKFFd8TT/Mn6QpMk/Tgd6U2NB8=",
      "requires": {
        "ms": "2.0.0"
      }
    },
    "denque": {
      "version": "2.1.0",
      "resolved": "https://atf.intranet.bb.com.br:443/artifactory/api/npm/bb-npm-repo/denque/-/denque-2.1.0.tgz",
      "integrity": "sha1-6T4aZWn7XmbxajwqKWRhfTSdarE="
    },
    "depd": {
      "version": "2.0.0",
      "resolved": "https://atf.intranet.bb.com.br:443/artifactory/api/npm/bb-npm-repo/depd/-/depd-2.0.0.tgz",
      "integrity": "sha1-tpYWPMdXVg0JzyLMj60Vcbeedt8="
    },
    "destroy": {
      "version": "1.2.0",
      "resolved": "https://atf.intranet.bb.com.br:443/artifactory/api/npm/bb-npm-repo/destroy/-/destroy-1.2.0.tgz",
      "integrity": "sha1-SANzVQmti+VSk0xn32FPlOZvoBU="
    },
    "dotenv": {
      "version": "8.6.0",
      "resolved": "https://atf.intranet.bb.com.br:443/artifactory/api/npm/bb-npm-repo/dotenv/-/dotenv-8.6.0.tgz",
      "integrity": "sha1-Bhr2ZNGff02PxuT/m1hM4jety4s="
    },
    "dotenv-safe": {
      "version": "8.2.0",
      "resolved": "https://atf.intranet.bb.com.br:443/artifactory/api/npm/bb-npm-repo/dotenv-safe/-/dotenv-safe-8.2.0.tgz",
      "integrity": "sha1-jVSMcximLAmmbE3IwxhkzAB8eLo=",
      "requires": {
        "dotenv": "^8.2.0"
      }
    },
    "dottie": {
      "version": "2.0.2",
      "resolved": "https://atf.intranet.bb.com.br:443/artifactory/api/npm/bb-npm-repo/dottie/-/dottie-2.0.2.tgz",
      "integrity": "sha1-zJHAcmzjoFTr8RxV+8kqfyZt0VQ="
    },
    "ecdsa-sig-formatter": {
      "version": "1.0.11",
      "resolved": "https://atf.intranet.bb.com.br:443/artifactory/api/npm/bb-npm-repo/ecdsa-sig-formatter/-/ecdsa-sig-formatter-1.0.11.tgz",
      "integrity": "sha1-rg8PothQRe8UqBfao86azQSJ5b8=",
      "requires": {
        "safe-buffer": "^5.0.1"
      }
    },
    "ee-first": {
      "version": "1.1.1",
      "resolved": "https://atf.intranet.bb.com.br:443/artifactory/api/npm/bb-npm-repo/ee-first/-/ee-first-1.1.1.tgz",
      "integrity": "sha1-WQxhFWsK4vTwJVcyoViyZrxWsh0="
    },
    "email-validator": {
      "version": "2.0.4",
      "resolved": "https://atf.intranet.bb.com.br:443/artifactory/api/npm/bb-npm-repo/email-validator/-/email-validator-2.0.4.tgz",
      "integrity": "sha1-uN+qXQ2uKPGwPJWIHZBNTkC/5+0="
    },
    "encodeurl": {
      "version": "1.0.2",
      "resolved": "https://atf.intranet.bb.com.br:443/artifactory/api/npm/bb-npm-repo/encodeurl/-/encodeurl-1.0.2.tgz",
      "integrity": "sha1-rT/0yG7C0CkyL1oCw6mmBslbP1k="
    },
    "escape-html": {
      "version": "1.0.3",
      "resolved": "https://atf.intranet.bb.com.br:443/artifactory/api/npm/bb-npm-repo/escape-html/-/escape-html-1.0.3.tgz",
      "integrity": "sha1-Aljq5NPQwJdN4cFpGI7wBR0dGYg="
    },
    "etag": {
      "version": "1.8.1",
      "resolved": "https://atf.intranet.bb.com.br:443/artifactory/api/npm/bb-npm-repo/etag/-/etag-1.8.1.tgz",
      "integrity": "sha1-Qa4u62XvpiJorr/qg6x9eSmbCIc="
    },
    "express": {
      "version": "4.18.2",
      "resolved": "https://atf.intranet.bb.com.br:443/artifactory/api/npm/bb-npm-repo/express/-/express-4.18.2.tgz",
      "integrity": "sha1-P6vggpbpMMeWwZ48UWl5OGup/Vk=",
      "requires": {
        "accepts": "~1.3.8",
        "array-flatten": "1.1.1",
        "body-parser": "1.20.1",
        "content-disposition": "0.5.4",
        "content-type": "~1.0.4",
        "cookie": "0.5.0",
        "cookie-signature": "1.0.6",
        "debug": "2.6.9",
        "depd": "2.0.0",
        "encodeurl": "~1.0.2",
        "escape-html": "~1.0.3",
        "etag": "~1.8.1",
        "finalhandler": "1.2.0",
        "fresh": "0.5.2",
        "http-errors": "2.0.0",
        "merge-descriptors": "1.0.1",
        "methods": "~1.1.2",
        "on-finished": "2.4.1",
        "parseurl": "~1.3.3",
        "path-to-regexp": "0.1.7",
        "proxy-addr": "~2.0.7",
        "qs": "6.11.0",
        "range-parser": "~1.2.1",
        "safe-buffer": "5.2.1",
        "send": "0.18.0",
        "serve-static": "1.15.0",
        "setprototypeof": "1.2.0",
        "statuses": "2.0.1",
        "type-is": "~1.6.18",
        "utils-merge": "1.0.1",
        "vary": "~1.1.2"
      }
    },
    "finalhandler": {
      "version": "1.2.0",
      "resolved": "https://atf.intranet.bb.com.br:443/artifactory/api/npm/bb-npm-repo/finalhandler/-/finalhandler-1.2.0.tgz",
      "integrity": "sha1-fSP+VzGyB7RkDk/NAK7B+SB6ezI=",
      "requires": {
        "debug": "2.6.9",
        "encodeurl": "~1.0.2",
        "escape-html": "~1.0.3",
        "on-finished": "2.4.1",
        "parseurl": "~1.3.3",
        "statuses": "2.0.1",
        "unpipe": "~1.0.0"
      }
    },
    "forwarded": {
      "version": "0.2.0",
      "resolved": "https://atf.intranet.bb.com.br:443/artifactory/api/npm/bb-npm-repo/forwarded/-/forwarded-0.2.0.tgz",
      "integrity": "sha1-ImmTZCiq1MFcfr6XeahL8LKoGBE="
    },
    "fresh": {
      "version": "0.5.2",
      "resolved": "https://atf.intranet.bb.com.br:443/artifactory/api/npm/bb-npm-repo/fresh/-/fresh-0.5.2.tgz",
      "integrity": "sha1-PYyt2Q2XZWn6g1qx+OSyOhBWBac="
    },
    "function-bind": {
      "version": "1.1.1",
      "resolved": "https://atf.intranet.bb.com.br:443/artifactory/api/npm/bb-npm-repo/function-bind/-/function-bind-1.1.1.tgz",
      "integrity": "sha1-pWiZ0+o8m6uHS7l3O3xe3pL0iV0="
    },
    "generate-function": {
      "version": "2.3.1",
      "resolved": "https://atf.intranet.bb.com.br:443/artifactory/api/npm/bb-npm-repo/generate-function/-/generate-function-2.3.1.tgz",
      "integrity": "sha1-8GlhdpDBDIaOc7hGV0Z2T5fDR58=",
      "requires": {
        "is-property": "^1.0.2"
      }
    },
    "get-intrinsic": {
      "version": "1.1.3",
      "resolved": "https://atf.intranet.bb.com.br:443/artifactory/api/npm/bb-npm-repo/get-intrinsic/-/get-intrinsic-1.1.3.tgz",
      "integrity": "sha1-BjyEMprZPoOJPH9PJD72P/o1E4U=",
      "requires": {
        "function-bind": "^1.1.1",
        "has": "^1.0.3",
        "has-symbols": "^1.0.3"
      }
    },
    "has": {
      "version": "1.0.3",
      "resolved": "https://atf.intranet.bb.com.br:443/artifactory/api/npm/bb-npm-repo/has/-/has-1.0.3.tgz",
      "integrity": "sha1-ci18v8H2qoJB8W3YFOAR4fQeh5Y=",
      "requires": {
        "function-bind": "^1.1.1"
      }
    },
    "has-symbols": {
      "version": "1.0.3",
      "resolved": "https://atf.intranet.bb.com.br:443/artifactory/api/npm/bb-npm-repo/has-symbols/-/has-symbols-1.0.3.tgz",
      "integrity": "sha1-u3ssQ0klHc6HsSX3vfh0qnyLOfg="
    },
    "http-errors": {
      "version": "2.0.0",
      "resolved": "https://atf.intranet.bb.com.br:443/artifactory/api/npm/bb-npm-repo/http-errors/-/http-errors-2.0.0.tgz",
      "integrity": "sha1-t3dKFIbvc892Z6ya4IWMASxXudM=",
      "requires": {
        "depd": "2.0.0",
        "inherits": "2.0.4",
        "setprototypeof": "1.2.0",
        "statuses": "2.0.1",
        "toidentifier": "1.0.1"
      }
    },
    "http-status": {
      "version": "1.5.3",
      "resolved": "https://atf.intranet.bb.com.br:443/artifactory/api/npm/bb-npm-repo/http-status/-/http-status-1.5.3.tgz",
      "integrity": "sha1-nR9q3NGmCfU1Z59uG4KBG5bDMG4="
    },
    "iconv-lite": {
      "version": "0.4.24",
      "resolved": "https://atf.intranet.bb.com.br:443/artifactory/api/npm/bb-npm-repo/iconv-lite/-/iconv-lite-0.4.24.tgz",
      "integrity": "sha1-ICK0sl+93CHS9SSXSkdKr+czkIs=",
      "requires": {
        "safer-buffer": ">= 2.1.2 < 3"
      }
    },
    "inflection": {
      "version": "1.12.0",
      "resolved": "https://atf.intranet.bb.com.br:443/artifactory/api/npm/bb-npm-repo/inflection/-/inflection-1.12.0.tgz",
      "integrity": "sha1-ogCTVlbW9fa8TcdQLhrstwMihBY="
    },
    "inherits": {
      "version": "2.0.4",
      "resolved": "https://atf.intranet.bb.com.br:443/artifactory/api/npm/bb-npm-repo/inherits/-/inherits-2.0.4.tgz",
      "integrity": "sha1-D6LGT5MpF8NDOg3tVTY6rjdBa3w="
    },
    "ipaddr.js": {
      "version": "1.9.1",
      "resolved": "https://atf.intranet.bb.com.br:443/artifactory/api/npm/bb-npm-repo/ipaddr.js/-/ipaddr.js-1.9.1.tgz",
      "integrity": "sha1-v/OFQ+64mEglB5/zoqjmy9RngbM="
    },
    "is-bluebird": {
      "version": "1.0.2",
      "resolved": "https://atf.intranet.bb.com.br:443/artifactory/api/npm/bb-npm-repo/is-bluebird/-/is-bluebird-1.0.2.tgz",
      "integrity": "sha1-CWQ5Bg9KpBGr7hkUOoTWpVNG1uI="
    },
    "is-property": {
      "version": "1.0.2",
      "resolved": "https://atf.intranet.bb.com.br:443/artifactory/api/npm/bb-npm-repo/is-property/-/is-property-1.0.2.tgz",
      "integrity": "sha1-V/4cTkhHTt1lsJkR8msc1Ald2oQ="
    },
    "jsonwebtoken": {
      "version": "8.5.1",
      "resolved": "https://atf.intranet.bb.com.br:443/artifactory/api/npm/bb-npm-repo/jsonwebtoken/-/jsonwebtoken-8.5.1.tgz",
      "integrity": "sha1-AOceC431TCEhofJhN98igGc7zA0=",
      "requires": {
        "jws": "^3.2.2",
        "lodash.includes": "^4.3.0",
        "lodash.isboolean": "^3.0.3",
        "lodash.isinteger": "^4.0.4",
        "lodash.isnumber": "^3.0.3",
        "lodash.isplainobject": "^4.0.6",
        "lodash.isstring": "^4.0.1",
        "lodash.once": "^4.0.0",
        "ms": "^2.1.1",
        "semver": "^5.6.0"
      },
      "dependencies": {
        "ms": {
          "version": "2.1.3",
          "resolved": "https://atf.intranet.bb.com.br:443/artifactory/api/npm/bb-npm-repo/ms/-/ms-2.1.3.tgz",
          "integrity": "sha1-V0yBOM4dK1hh8LRFedut1gxmFbI="
        }
      }
    },
    "jwa": {
      "version": "1.4.1",
      "resolved": "https://atf.intranet.bb.com.br:443/artifactory/api/npm/bb-npm-repo/jwa/-/jwa-1.4.1.tgz",
      "integrity": "sha1-dDwymFy56YZVUw1TZBtmyGRbA5o=",
      "requires": {
        "buffer-equal-constant-time": "1.0.1",
        "ecdsa-sig-formatter": "1.0.11",
        "safe-buffer": "^5.0.1"
      }
    },
    "jws": {
      "version": "3.2.2",
      "resolved": "https://atf.intranet.bb.com.br:443/artifactory/api/npm/bb-npm-repo/jws/-/jws-3.2.2.tgz",
      "integrity": "sha1-ABCZ82OUaMlBQADpmZX6UvtHgwQ=",
      "requires": {
        "jwa": "^1.4.1",
        "safe-buffer": "^5.0.1"
      }
    },
    "lodash": {
      "version": "4.17.21",
      "resolved": "https://atf.intranet.bb.com.br:443/artifactory/api/npm/bb-npm-repo/lodash/-/lodash-4.17.21.tgz",
      "integrity": "sha1-Z5WRxWTDv/quhFTPCz3zcMPWkRw="
    },
    "lodash.includes": {
      "version": "4.3.0",
      "resolved": "https://atf.intranet.bb.com.br:443/artifactory/api/npm/bb-npm-repo/lodash.includes/-/lodash.includes-4.3.0.tgz",
      "integrity": "sha1-YLuYqHy5I8aMoeUTJUgzFISfVT8="
    },
    "lodash.isboolean": {
      "version": "3.0.3",
      "resolved": "https://atf.intranet.bb.com.br:443/artifactory/api/npm/bb-npm-repo/lodash.isboolean/-/lodash.isboolean-3.0.3.tgz",
      "integrity": "sha1-bC4XHbKiV82WgC/UOwGyDV9YcPY="
    },
    "lodash.isinteger": {
      "version": "4.0.4",
      "resolved": "https://atf.intranet.bb.com.br:443/artifactory/api/npm/bb-npm-repo/lodash.isinteger/-/lodash.isinteger-4.0.4.tgz",
      "integrity": "sha1-YZwK89A/iwTDH1iChAt3sRzWg0M="
    },
    "lodash.isnumber": {
      "version": "3.0.3",
      "resolved": "https://atf.intranet.bb.com.br:443/artifactory/api/npm/bb-npm-repo/lodash.isnumber/-/lodash.isnumber-3.0.3.tgz",
      "integrity": "sha1-POdoEMWSjQM1IwGsKHMX8RwLH/w="
    },
    "lodash.isplainobject": {
      "version": "4.0.6",
      "resolved": "https://atf.intranet.bb.com.br:443/artifactory/api/npm/bb-npm-repo/lodash.isplainobject/-/lodash.isplainobject-4.0.6.tgz",
      "integrity": "sha1-fFJqUtibRcRcxpC4gWO+BJf1UMs="
    },
    "lodash.isstring": {
      "version": "4.0.1",
      "resolved": "https://atf.intranet.bb.com.br:443/artifactory/api/npm/bb-npm-repo/lodash.isstring/-/lodash.isstring-4.0.1.tgz",
      "integrity": "sha1-1SfftUVuynzJu5XV2ur4i6VKVFE="
    },
    "lodash.once": {
      "version": "4.1.1",
      "resolved": "https://atf.intranet.bb.com.br:443/artifactory/api/npm/bb-npm-repo/lodash.once/-/lodash.once-4.1.1.tgz",
      "integrity": "sha1-DdOXEhPHxW34gJd9UEyI+0cal6w="
    },
    "long": {
      "version": "4.0.0",
      "resolved": "https://atf.intranet.bb.com.br:443/artifactory/api/npm/bb-npm-repo/long/-/long-4.0.0.tgz",
      "integrity": "sha1-mntxz7fTYaGU6lVSQckvdGjVvyg="
    },
    "lru-cache": {
      "version": "6.0.0",
      "resolved": "https://atf.intranet.bb.com.br:443/artifactory/api/npm/bb-npm-repo/lru-cache/-/lru-cache-6.0.0.tgz",
      "integrity": "sha1-bW/mVw69lqr5D8rR2vo7JWbbOpQ=",
      "requires": {
        "yallist": "^4.0.0"
      }
    },
    "media-typer": {
      "version": "0.3.0",
      "resolved": "https://atf.intranet.bb.com.br:443/artifactory/api/npm/bb-npm-repo/media-typer/-/media-typer-0.3.0.tgz",
      "integrity": "sha1-hxDXrwqmJvj/+hzgAWhUUmMlV0g="
    },
    "merge-descriptors": {
      "version": "1.0.1",
      "resolved": "https://atf.intranet.bb.com.br:443/artifactory/api/npm/bb-npm-repo/merge-descriptors/-/merge-descriptors-1.0.1.tgz",
      "integrity": "sha1-sAqqVW3YtEVoFQ7J0blT8/kMu2E="
    },
    "methods": {
      "version": "1.1.2",
      "resolved": "https://atf.intranet.bb.com.br:443/artifactory/api/npm/bb-npm-repo/methods/-/methods-1.1.2.tgz",
      "integrity": "sha1-VSmk1nZUE07cxSZmVoNbD4Ua/O4="
    },
    "mime": {
      "version": "1.6.0",
      "resolved": "https://atf.intranet.bb.com.br:443/artifactory/api/npm/bb-npm-repo/mime/-/mime-1.6.0.tgz",
      "integrity": "sha1-Ms2eXGRVO9WNGaVor0Uqz/BJgbE="
    },
    "mime-db": {
      "version": "1.52.0",
      "resolved": "https://atf.intranet.bb.com.br:443/artifactory/api/npm/bb-npm-repo/mime-db/-/mime-db-1.52.0.tgz",
      "integrity": "sha1-u6vNwChZ9JhzAchW4zh85exDv3A="
    },
    "mime-types": {
      "version": "2.1.35",
      "resolved": "https://atf.intranet.bb.com.br:443/artifactory/api/npm/bb-npm-repo/mime-types/-/mime-types-2.1.35.tgz",
      "integrity": "sha1-OBqHG2KnNEUGYK497uRIE/cNlZo=",
      "requires": {
        "mime-db": "1.52.0"
      }
    },
    "moment": {
      "version": "2.29.4",
      "resolved": "https://atf.intranet.bb.com.br:443/artifactory/api/npm/bb-npm-repo/moment/-/moment-2.29.4.tgz",
      "integrity": "sha1-Pb4FKIn+fBsu2Wb8s6dzKJZO8Qg="
    },
    "moment-timezone": {
      "version": "0.5.38",
      "resolved": "https://atf.intranet.bb.com.br:443/artifactory/api/npm/bb-npm-repo/moment-timezone/-/moment-timezone-0.5.38.tgz",
      "integrity": "sha1-lnSlOXuL58E96CD9OH2K+g9yWq0=",
      "requires": {
        "moment": ">= 2.9.0"
      }
    },
    "ms": {
      "version": "2.0.0",
      "resolved": "https://atf.intranet.bb.com.br:443/artifactory/api/npm/bb-npm-repo/ms/-/ms-2.0.0.tgz",
      "integrity": "sha1-VgiurfwAvmwpAd9fmGF4jeDVl8g="
    },
    "mysql2": {
      "version": "2.3.3",
      "resolved": "https://atf.intranet.bb.com.br:443/artifactory/api/npm/bb-npm-repo/mysql2/-/mysql2-2.3.3.tgz",
      "integrity": "sha1-lE897KSxZikFL/hhT7+J1VUlRaA=",
      "requires": {
        "denque": "^2.0.1",
        "generate-function": "^2.3.1",
        "iconv-lite": "^0.6.3",
        "long": "^4.0.0",
        "lru-cache": "^6.0.0",
        "named-placeholders": "^1.1.2",
        "seq-queue": "^0.0.5",
        "sqlstring": "^2.3.2"
      },
      "dependencies": {
        "iconv-lite": {
          "version": "0.6.3",
          "resolved": "https://atf.intranet.bb.com.br:443/artifactory/api/npm/bb-npm-repo/iconv-lite/-/iconv-lite-0.6.3.tgz",
          "integrity": "sha1-pS+AvzjaGVLrXGgXkHGYcaGnJQE=",
          "requires": {
            "safer-buffer": ">= 2.1.2 < 3.0.0"
          }
        }
      }
    },
    "named-placeholders": {
      "version": "1.1.2",
      "resolved": "https://atf.intranet.bb.com.br:443/artifactory/api/npm/bb-npm-repo/named-placeholders/-/named-placeholders-1.1.2.tgz",
      "integrity": "sha1-zrH7/1C2szSStc8hTM9eOc7z0Og=",
      "requires": {
        "lru-cache": "^4.1.3"
      },
      "dependencies": {
        "lru-cache": {
          "version": "4.1.5",
          "resolved": "https://atf.intranet.bb.com.br:443/artifactory/api/npm/bb-npm-repo/lru-cache/-/lru-cache-4.1.5.tgz",
          "integrity": "sha1-i75Q6oW+1ZvJ4z3KuCNe6bz0Q80=",
          "requires": {
            "pseudomap": "^1.0.2",
            "yallist": "^2.1.2"
          }
        },
        "yallist": {
          "version": "2.1.2",
          "resolved": "https://atf.intranet.bb.com.br:443/artifactory/api/npm/bb-npm-repo/yallist/-/yallist-2.1.2.tgz",
          "integrity": "sha1-HBH5IY8HYImkfdUS+TxmmaaoHVI="
        }
      }
    },
    "negotiator": {
      "version": "0.6.3",
      "resolved": "https://atf.intranet.bb.com.br:443/artifactory/api/npm/bb-npm-repo/negotiator/-/negotiator-0.6.3.tgz",
      "integrity": "sha1-WOMjpy/twNb5zU0x/kn1FHlZDM0="
    },
    "object-assign": {
      "version": "4.1.1",
      "resolved": "https://atf.intranet.bb.com.br:443/artifactory/api/npm/bb-npm-repo/object-assign/-/object-assign-4.1.1.tgz",
      "integrity": "sha1-IQmtx5ZYh8/AXLvUQsrIv7s2CGM="
    },
    "object-inspect": {
      "version": "1.12.2",
      "resolved": "https://atf.intranet.bb.com.br:443/artifactory/api/npm/bb-npm-repo/object-inspect/-/object-inspect-1.12.2.tgz",
      "integrity": "sha1-wGQfJjlFMvKKuNeWq5VOQ8AJqOo="
    },
    "on-finished": {
      "version": "2.4.1",
      "resolved": "https://atf.intranet.bb.com.br:443/artifactory/api/npm/bb-npm-repo/on-finished/-/on-finished-2.4.1.tgz",
      "integrity": "sha1-WMjEQRblSEWtV/FKsQsDUzGErD8=",
      "requires": {
        "ee-first": "1.1.1"
      }
    },
    "parseurl": {
      "version": "1.3.3",
      "resolved": "https://atf.intranet.bb.com.br:443/artifactory/api/npm/bb-npm-repo/parseurl/-/parseurl-1.3.3.tgz",
      "integrity": "sha1-naGee+6NEt/wUT7Vt2lXeTvC6NQ="
    },
    "password-validator": {
      "version": "5.3.0",
      "resolved": "https://atf.intranet.bb.com.br:443/artifactory/api/npm/bb-npm-repo/password-validator/-/password-validator-5.3.0.tgz",
      "integrity": "sha1-RyuJmXxxwYXrIreReyJXJrTWRXc="
    },
    "path-to-regexp": {
      "version": "0.1.7",
      "resolved": "https://atf.intranet.bb.com.br:443/artifactory/api/npm/bb-npm-repo/path-to-regexp/-/path-to-regexp-0.1.7.tgz",
      "integrity": "sha1-32BBeABfUi8V60SQ5yR6G/qmf4w="
    },
    "proxy-addr": {
      "version": "2.0.7",
      "resolved": "https://atf.intranet.bb.com.br:443/artifactory/api/npm/bb-npm-repo/proxy-addr/-/proxy-addr-2.0.7.tgz",
      "integrity": "sha1-8Z/mnOqzEe65S0LnDowgcPm6ECU=",
      "requires": {
        "forwarded": "0.2.0",
        "ipaddr.js": "1.9.1"
      }
    },
    "pseudomap": {
      "version": "1.0.2",
      "resolved": "https://atf.intranet.bb.com.br:443/artifactory/api/npm/bb-npm-repo/pseudomap/-/pseudomap-1.0.2.tgz",
      "integrity": "sha1-8FKijacOYYkX7wqKw0wa5aaChrM="
    },
    "qs": {
      "version": "6.11.0",
      "resolved": "https://atf.intranet.bb.com.br:443/artifactory/api/npm/bb-npm-repo/qs/-/qs-6.11.0.tgz",
      "integrity": "sha1-/Q2WNEb3pl4TZ+AavYVClFPww3o=",
      "requires": {
        "side-channel": "^1.0.4"
      }
    },
    "range-parser": {
      "version": "1.2.1",
      "resolved": "https://atf.intranet.bb.com.br:443/artifactory/api/npm/bb-npm-repo/range-parser/-/range-parser-1.2.1.tgz",
      "integrity": "sha1-PPNwI9GZ4cJNGlW4SADC8+ZGgDE="
    },
    "raw-body": {
      "version": "2.5.1",
      "resolved": "https://atf.intranet.bb.com.br:443/artifactory/api/npm/bb-npm-repo/raw-body/-/raw-body-2.5.1.tgz",
      "integrity": "sha1-/hsWKLGBtwAhXl/UI4n5i3E5KFc=",
      "requires": {
        "bytes": "3.1.2",
        "http-errors": "2.0.0",
        "iconv-lite": "0.4.24",
        "unpipe": "1.0.0"
      }
    },
    "retry-as-promised": {
      "version": "3.2.0",
      "resolved": "https://atf.intranet.bb.com.br:443/artifactory/api/npm/bb-npm-repo/retry-as-promised/-/retry-as-promised-3.2.0.tgz",
      "integrity": "sha1-dp9j1Ta+xHg1SdsHd8tW2t2dhUM=",
      "requires": {
        "any-promise": "^1.3.0"
      }
    },
    "safe-buffer": {
      "version": "5.2.1",
      "resolved": "https://atf.intranet.bb.com.br:443/artifactory/api/npm/bb-npm-repo/safe-buffer/-/safe-buffer-5.2.1.tgz",
      "integrity": "sha1-Hq+fqb2x/dTsdfWPnNtOa3gn7sY="
    },
    "safer-buffer": {
      "version": "2.1.2",
      "resolved": "https://atf.intranet.bb.com.br:443/artifactory/api/npm/bb-npm-repo/safer-buffer/-/safer-buffer-2.1.2.tgz",
      "integrity": "sha1-RPoWGwGHuVSd2Eu5GAL5vYOFzWo="
    },
    "semver": {
      "version": "5.7.1",
      "resolved": "https://atf.intranet.bb.com.br:443/artifactory/api/npm/bb-npm-repo/semver/-/semver-5.7.1.tgz",
      "integrity": "sha1-qVT5Ma66UI0we78Gnv8MAclhFvc="
    },
    "send": {
      "version": "0.18.0",
      "resolved": "https://atf.intranet.bb.com.br:443/artifactory/api/npm/bb-npm-repo/send/-/send-0.18.0.tgz",
      "integrity": "sha1-ZwFnzGVLBfWqSnZ/kRO7NxvHBr4=",
      "requires": {
        "debug": "2.6.9",
        "depd": "2.0.0",
        "destroy": "1.2.0",
        "encodeurl": "~1.0.2",
        "escape-html": "~1.0.3",
        "etag": "~1.8.1",
        "fresh": "0.5.2",
        "http-errors": "2.0.0",
        "mime": "1.6.0",
        "ms": "2.1.3",
        "on-finished": "2.4.1",
        "range-parser": "~1.2.1",
        "statuses": "2.0.1"
      },
      "dependencies": {
        "ms": {
          "version": "2.1.3",
          "resolved": "https://atf.intranet.bb.com.br:443/artifactory/api/npm/bb-npm-repo/ms/-/ms-2.1.3.tgz",
          "integrity": "sha1-V0yBOM4dK1hh8LRFedut1gxmFbI="
        }
      }
    },
    "seq-queue": {
      "version": "0.0.5",
      "resolved": "https://atf.intranet.bb.com.br:443/artifactory/api/npm/bb-npm-repo/seq-queue/-/seq-queue-0.0.5.tgz",
      "integrity": "sha1-1WgS4cAXpuTnw+Ojeh2m143TyT4="
    },
    "sequelize": {
      "version": "5.22.5",
      "resolved": "https://atf.intranet.bb.com.br:443/artifactory/api/npm/bb-npm-repo/sequelize/-/sequelize-5.22.5.tgz",
      "integrity": "sha1-/3/dNJgKLZVFakpX4WFTwg1X6W4=",
      "requires": {
        "bluebird": "^3.5.0",
        "cls-bluebird": "^2.1.0",
        "debug": "^4.1.1",
        "dottie": "^2.0.0",
        "inflection": "1.12.0",
        "lodash": "^4.17.15",
        "moment": "^2.24.0",
        "moment-timezone": "^0.5.21",
        "retry-as-promised": "^3.2.0",
        "semver": "^6.3.0",
        "sequelize-pool": "^2.3.0",
        "toposort-class": "^1.0.1",
        "uuid": "^8.3.2",
        "validator": "^13.7.0",
        "wkx": "^0.4.8"
      },
      "dependencies": {
        "debug": {
          "version": "4.3.4",
          "resolved": "https://atf.intranet.bb.com.br:443/artifactory/api/npm/bb-npm-repo/debug/-/debug-4.3.4.tgz",
          "integrity": "sha1-Exn2V5NX8jONMzfSzdSRS7XcyGU=",
          "requires": {
            "ms": "2.1.2"
          }
        },
        "ms": {
          "version": "2.1.2",
          "resolved": "https://atf.intranet.bb.com.br:443/artifactory/api/npm/bb-npm-repo/ms/-/ms-2.1.2.tgz",
          "integrity": "sha1-0J0fNXtEP0kzgqjrPM0YOHKuYAk="
        },
        "semver": {
          "version": "6.3.0",
          "resolved": "https://atf.intranet.bb.com.br:443/artifactory/api/npm/bb-npm-repo/semver/-/semver-6.3.0.tgz",
          "integrity": "sha1-7gpkyK9ejO6mdoexM3YeG+y9HT0="
        }
      }
    },
    "sequelize-pool": {
      "version": "2.3.0",
      "resolved": "https://atf.intranet.bb.com.br:443/artifactory/api/npm/bb-npm-repo/sequelize-pool/-/sequelize-pool-2.3.0.tgz",
      "integrity": "sha1-ZPH+h0QigXLEdPUwYEthM75kmT0="
    },
    "serve-static": {
      "version": "1.15.0",
      "resolved": "https://atf.intranet.bb.com.br:443/artifactory/api/npm/bb-npm-repo/serve-static/-/serve-static-1.15.0.tgz",
      "integrity": "sha1-+q7wjP/goaYvYMrQxOUTz/CslUA=",
      "requires": {
        "encodeurl": "~1.0.2",
        "escape-html": "~1.0.3",
        "parseurl": "~1.3.3",
        "send": "0.18.0"
      }
    },
    "setprototypeof": {
      "version": "1.2.0",
      "resolved": "https://atf.intranet.bb.com.br:443/artifactory/api/npm/bb-npm-repo/setprototypeof/-/setprototypeof-1.2.0.tgz",
      "integrity": "sha1-ZsmiSnP5/CjL5msJ/tPTPcrxtCQ="
    },
    "shimmer": {
      "version": "1.2.1",
      "resolved": "https://atf.intranet.bb.com.br:443/artifactory/api/npm/bb-npm-repo/shimmer/-/shimmer-1.2.1.tgz",
      "integrity": "sha1-YQhZ994ye1h+/r9QH7QxF/mv8zc="
    },
    "side-channel": {
      "version": "1.0.4",
      "resolved": "https://atf.intranet.bb.com.br:443/artifactory/api/npm/bb-npm-repo/side-channel/-/side-channel-1.0.4.tgz",
      "integrity": "sha1-785cj9wQTudRslxY1CkAEfpeos8=",
      "requires": {
        "call-bind": "^1.0.0",
        "get-intrinsic": "^1.0.2",
        "object-inspect": "^1.9.0"
      }
    },
    "sqlstring": {
      "version": "2.3.3",
      "resolved": "https://atf.intranet.bb.com.br:443/artifactory/api/npm/bb-npm-repo/sqlstring/-/sqlstring-2.3.3.tgz",
      "integrity": "sha1-Ldwh8DvOLDh+1gaA5zmSLGV1HQw="
    },
    "statuses": {
      "version": "2.0.1",
      "resolved": "https://atf.intranet.bb.com.br:443/artifactory/api/npm/bb-npm-repo/statuses/-/statuses-2.0.1.tgz",
      "integrity": "sha1-VcsADM8dSHKL0jxoWgY5mM8aG2M="
    },
    "toidentifier": {
      "version": "1.0.1",
      "resolved": "https://atf.intranet.bb.com.br:443/artifactory/api/npm/bb-npm-repo/toidentifier/-/toidentifier-1.0.1.tgz",
      "integrity": "sha1-O+NDIaiKgg7RvYDfqjPkefu43TU="
    },
    "toposort-class": {
      "version": "1.0.1",
      "resolved": "https://atf.intranet.bb.com.br:443/artifactory/api/npm/bb-npm-repo/toposort-class/-/toposort-class-1.0.1.tgz",
      "integrity": "sha1-f/0feMi+KMO6Rc1OGj9e4ZO9mYg="
    },
    "type-is": {
      "version": "1.6.18",
      "resolved": "https://atf.intranet.bb.com.br:443/artifactory/api/npm/bb-npm-repo/type-is/-/type-is-1.6.18.tgz",
      "integrity": "sha1-TlUs0F3wlGfcvE73Od6J8s83wTE=",
      "requires": {
        "media-typer": "0.3.0",
        "mime-types": "~2.1.24"
      }
    },
    "unpipe": {
      "version": "1.0.0",
      "resolved": "https://atf.intranet.bb.com.br:443/artifactory/api/npm/bb-npm-repo/unpipe/-/unpipe-1.0.0.tgz",
      "integrity": "sha1-sr9O6FFKrmFltIF4KdIbLvSZBOw="
    },
    "utils-merge": {
      "version": "1.0.1",
      "resolved": "https://atf.intranet.bb.com.br:443/artifactory/api/npm/bb-npm-repo/utils-merge/-/utils-merge-1.0.1.tgz",
      "integrity": "sha1-n5VxD1CiZ5R7LMwSR0HBAoQn5xM="
    },
    "uuid": {
      "version": "8.3.2",
      "resolved": "https://atf.intranet.bb.com.br:443/artifactory/api/npm/bb-npm-repo/uuid/-/uuid-8.3.2.tgz",
      "integrity": "sha1-gNW1ztJxu5r2xEXyGhoExgbO++I="
    },
    "validator": {
      "version": "13.7.0",
      "resolved": "https://atf.intranet.bb.com.br:443/artifactory/api/npm/bb-npm-repo/validator/-/validator-13.7.0.tgz",
      "integrity": "sha1-T5ZYuhO6jz2C7ogdNRZInqhcCFc="
    },
    "vary": {
      "version": "1.1.2",
      "resolved": "https://atf.intranet.bb.com.br:443/artifactory/api/npm/bb-npm-repo/vary/-/vary-1.1.2.tgz",
      "integrity": "sha1-IpnwLG3tMNSllhsLn3RSShj2NPw="
    },
    "wkx": {
      "version": "0.4.8",
      "resolved": "https://atf.intranet.bb.com.br:443/artifactory/api/npm/bb-npm-repo/wkx/-/wkx-0.4.8.tgz",
      "integrity": "sha1-oJLPCI0RJoP9xxgv0xSTssWCAAM=",
      "requires": {
        "@types/node": "*"
      }
    },
    "yallist": {
      "version": "4.0.0",
      "resolved": "https://atf.intranet.bb.com.br:443/artifactory/api/npm/bb-npm-repo/yallist/-/yallist-4.0.0.tgz",
      "integrity": "sha1-m7knkNnA7/7GO+c1GeEaNQGaOnI="
    }
  }
}
